
Microsoft Visual Studio Solution File, Format Version 12.00
# Visual Studio Version 16
VisualStudioVersion = 16.0.30002.166
MinimumVisualStudioVersion = 10.0.40219.1
Project("{FAE04EC0-301F-11D3-BF4B-00C04F79EFBC}") = "Qulix_Test_Task", "Qulix_Test_Task.csproj", "{15BE800D-F8B0-46F6-892D-A71EAD02FE79}"
EndProject
Global
	GlobalSection(SolutionConfigurationPlatforms) = preSolution
		Debug|Any CPU = Debug|Any CPU
		Release|Any CPU = Release|Any CPU
	EndGlobalSection
	GlobalSection(ProjectConfigurationPlatforms) = postSolution
		{15BE800D-F8B0-46F6-892D-A71EAD02FE79}.Debug|Any CPU.ActiveCfg = Debug|Any CPU
		{15BE800D-F8B0-46F6-892D-A71EAD02FE79}.Debug|Any CPU.Build.0 = Debug|Any CPU
		{15BE800D-F8B0-46F6-892D-A71EAD02FE79}.Release|Any CPU.ActiveCfg = Release|Any CPU
		{15BE800D-F8B0-46F6-892D-A71EAD02FE79}.Release|Any CPU.Build.0 = Release|Any CPU
	EndGlobalSection
	GlobalSection(SolutionProperties) = preSolution
		HideSolutionNode = FALSE
	EndGlobalSection
	GlobalSection(ExtensibilityGlobals) = postSolution
		SolutionGuid = {CBCE44E6-4320-46A6-91AC-8FE2FFF642D1}
	EndGlobalSection
EndGlobal
